
Microsoft Visual Studio Solution File, Format Version 12.00
# Visual Studio Version 16
VisualStudioVersion = 16.0.31019.35
MinimumVisualStudioVersion = 10.0.40219.1
Project("{9A19103F-16F7-4668-BE54-9A1E7A4F7556}") = "Minha1Conexão", "Minha1Conexão.csproj", "{96B99F75-56A7-4FBE-B6BE-D4CDBD1E0265}"
EndProject
Project("{9A19103F-16F7-4668-BE54-9A1E7A4F7556}") = "Minha1Conexao.Domain", "..\Minha1Conexão.Domain\Minha1Conexao.Domain.csproj", "{F69E3D1E-39DC-4E0D-9F2A-E0E21D62E49F}"
EndProject
Project("{9A19103F-16F7-4668-BE54-9A1E7A4F7556}") = "Minha1Conexao.Data", "..\Minha1Conexão.Data\Minha1Conexao.Data.csproj", "{81D9FAA9-A8E4-4A84-A317-75E96037129C}"
EndProject
Global
	GlobalSection(SolutionConfigurationPlatforms) = preSolution
		Debug|Any CPU = Debug|Any CPU
		Release|Any CPU = Release|Any CPU
	EndGlobalSection
	GlobalSection(ProjectConfigurationPlatforms) = postSolution
		{96B99F75-56A7-4FBE-B6BE-D4CDBD1E0265}.Debug|Any CPU.ActiveCfg = Debug|Any CPU
		{96B99F75-56A7-4FBE-B6BE-D4CDBD1E0265}.Debug|Any CPU.Build.0 = Debug|Any CPU
		{96B99F75-56A7-4FBE-B6BE-D4CDBD1E0265}.Release|Any CPU.ActiveCfg = Release|Any CPU
		{96B99F75-56A7-4FBE-B6BE-D4CDBD1E0265}.Release|Any CPU.Build.0 = Release|Any CPU
		{F69E3D1E-39DC-4E0D-9F2A-E0E21D62E49F}.Debug|Any CPU.ActiveCfg = Debug|Any CPU
		{F69E3D1E-39DC-4E0D-9F2A-E0E21D62E49F}.Debug|Any CPU.Build.0 = Debug|Any CPU
		{F69E3D1E-39DC-4E0D-9F2A-E0E21D62E49F}.Release|Any CPU.ActiveCfg = Release|Any CPU
		{F69E3D1E-39DC-4E0D-9F2A-E0E21D62E49F}.Release|Any CPU.Build.0 = Release|Any CPU
		{81D9FAA9-A8E4-4A84-A317-75E96037129C}.Debug|Any CPU.ActiveCfg = Debug|Any CPU
		{81D9FAA9-A8E4-4A84-A317-75E96037129C}.Debug|Any CPU.Build.0 = Debug|Any CPU
		{81D9FAA9-A8E4-4A84-A317-75E96037129C}.Release|Any CPU.ActiveCfg = Release|Any CPU
		{81D9FAA9-A8E4-4A84-A317-75E96037129C}.Release|Any CPU.Build.0 = Release|Any CPU
	EndGlobalSection
	GlobalSection(SolutionProperties) = preSolution
		HideSolutionNode = FALSE
	EndGlobalSection
	GlobalSection(ExtensibilityGlobals) = postSolution
		SolutionGuid = {57B8ACC2-BFDD-474C-BD49-3EA17E2CCF6F}
	EndGlobalSection
EndGlobal
