
Microsoft Visual Studio Solution File, Format Version 12.00
# Visual Studio Version 16
VisualStudioVersion = 16.0.30907.101
MinimumVisualStudioVersion = 10.0.40219.1
Project("{9A19103F-16F7-4668-BE54-9A1E7A4F7556}") = "PitStopDaBeleza.Dominio", "..\PitStopDaBeleza.Dominio\PitStopDaBeleza.Dominio.csproj", "{24C4C485-A9EE-41C7-8851-365750C025A4}"
EndProject
Project("{9A19103F-16F7-4668-BE54-9A1E7A4F7556}") = "PitStopDaBeleza.Api", "PitStopDaBeleza.Api\PitStopDaBeleza.Api.csproj", "{7812AD64-AC9E-4DBA-AA49-ED602B2D1D3D}"
EndProject
Project("{FAE04EC0-301F-11D3-BF4B-00C04F79EFBC}") = "PitStopDaBeleza.Data", "PitStopDaBeleza.Data\PitStopDaBeleza.Data.csproj", "{98FE7CD2-5A4F-436D-84BD-868EA4D308C4}"
EndProject
Global
	GlobalSection(SolutionConfigurationPlatforms) = preSolution
		Debug|Any CPU = Debug|Any CPU
		Release|Any CPU = Release|Any CPU
	EndGlobalSection
	GlobalSection(ProjectConfigurationPlatforms) = postSolution
		{24C4C485-A9EE-41C7-8851-365750C025A4}.Debug|Any CPU.ActiveCfg = Debug|Any CPU
		{24C4C485-A9EE-41C7-8851-365750C025A4}.Debug|Any CPU.Build.0 = Debug|Any CPU
		{24C4C485-A9EE-41C7-8851-365750C025A4}.Release|Any CPU.ActiveCfg = Release|Any CPU
		{24C4C485-A9EE-41C7-8851-365750C025A4}.Release|Any CPU.Build.0 = Release|Any CPU
		{7812AD64-AC9E-4DBA-AA49-ED602B2D1D3D}.Debug|Any CPU.ActiveCfg = Debug|Any CPU
		{7812AD64-AC9E-4DBA-AA49-ED602B2D1D3D}.Debug|Any CPU.Build.0 = Debug|Any CPU
		{7812AD64-AC9E-4DBA-AA49-ED602B2D1D3D}.Release|Any CPU.ActiveCfg = Release|Any CPU
		{7812AD64-AC9E-4DBA-AA49-ED602B2D1D3D}.Release|Any CPU.Build.0 = Release|Any CPU
		{98FE7CD2-5A4F-436D-84BD-868EA4D308C4}.Debug|Any CPU.ActiveCfg = Debug|Any CPU
		{98FE7CD2-5A4F-436D-84BD-868EA4D308C4}.Debug|Any CPU.Build.0 = Debug|Any CPU
		{98FE7CD2-5A4F-436D-84BD-868EA4D308C4}.Release|Any CPU.ActiveCfg = Release|Any CPU
		{98FE7CD2-5A4F-436D-84BD-868EA4D308C4}.Release|Any CPU.Build.0 = Release|Any CPU
	EndGlobalSection
	GlobalSection(SolutionProperties) = preSolution
		HideSolutionNode = FALSE
	EndGlobalSection
	GlobalSection(ExtensibilityGlobals) = postSolution
		SolutionGuid = {D4BF3B3F-7B16-4065-AA75-252A64B0EFB5}
	EndGlobalSection
EndGlobal
